{
  "name": "test1-nodejs-exesync",
  "version": "1.0.0",
  "lockfileVersion": 2,
  "requires": true,
  "packages": {
    "": {
      "name": "test1-nodejs-exesync",
      "version": "1.0.0",
      "license": "MIT",
      "devDependencies": {
        "@types/node": "latest"
      }
    },
    "node_modules/@types/node": {
      "version": "16.11.10",
      "resolved": "https://registry.npmmirror.com/@types/node/download/@types/node-16.11.10.tgz",
      "integrity": "sha512-3aRnHa1KlOEEhJ6+CvyHKK5vE9BcLGjtUpwvqYLRvYNQKMfabu3BwfJaA/SLW8dxe28LsNDjtHwePTuzn3gmOA==",
      "dev": true
    }
  },
  "dependencies": {
    "@types/node": {
      "version": "16.11.10",
      "resolved": "https://registry.npmmirror.com/@types/node/download/@types/node-16.11.10.tgz",
      "integrity": "sha512-3aRnHa1KlOEEhJ6+CvyHKK5vE9BcLGjtUpwvqYLRvYNQKMfabu3BwfJaA/SLW8dxe28LsNDjtHwePTuzn3gmOA==",
      "dev": true
    }
  }
}
